PODS:
  - StepProgressIndicatorView (1.0.0)

DEPENDENCIES:
  - StepProgressIndicatorView (from `../`)

EXTERNAL SOURCES:
  StepProgressIndicatorView:
    :path: "../"

SPEC CHECKSUMS:
  StepProgressIndicatorView: e20c475ee2edb0e41f63f95ff39b6db2cd50f903

PODFILE CHECKSUM: c793a5269243d4a89eacbe3de77d525d4574a3a6

COCOAPODS: 1.10.1
